// !$*UTF8*$!
{
	archiveVersion = 1;
	classes = {
	};
	objectVersion = 56;
	objects = {

/* Begin PBXBuildFile section */
		044952DC2965AC0500188D30 /* Lottie in Frameworks */ = {isa = PBXBuildFile; productRef = 044952DB2965AC0500188D30 /* Lottie */; };
		044952E02965AC3800188D30 /* OnboardingSlide.swift in Sources */ = {isa = PBXBuildFile; fileRef = 044952DF2965AC3800188D30 /* OnboardingSlide.swift */; };
		044952E42965ACB500188D30 /* OnboardingView.swift in Sources */ = {isa = PBXBuildFile; fileRef = 044952E32965ACB500188D30 /* OnboardingView.swift */; };
		044952E62965B5B000188D30 /* LottieView.swift in Sources */ = {isa = PBXBuildFile; fileRef = 044952E52965B5B000188D30 /* LottieView.swift */; };
		04DB19752965A97700F3B0BD /* OnboardingWalkthroughPageApp.swift in Sources */ = {isa = PBXBuildFile; fileRef = 04DB19742965A97700F3B0BD /* OnboardingWalkthroughPageApp.swift */; };
		04DB19772965A97700F3B0BD /* ContentView.swift in Sources */ = {isa = PBXBuildFile; fileRef = 04DB19762965A97700F3B0BD /* ContentView.swift */; };
		04DB19792965A97900F3B0BD /* Assets.xcassets in Resources */ = {isa = PBXBuildFile; fileRef = 04DB19782965A97900F3B0BD /* Assets.xcassets */; };
		04DB197C2965A97900F3B0BD /* Preview Assets.xcassets in Resources */ = {isa = PBXBuildFile; fileRef = 04DB197B2965A97900F3B0BD /* Preview Assets.xcassets */; };
/* End PBXBuildFile section */

/* Begin PBXFileReference section */
		044952DF2965AC3800188D30 /* OnboardingSlide.swift */ = {isa = PBXFileReference; lastKnownFileType = sourcecode.swift; path = OnboardingSlide.swift; sourceTree = "<group>"; };
		044952E32965ACB500188D30 /* OnboardingView.swift */ = {isa = PBXFileReference; lastKnownFileType = sourcecode.swift; path = OnboardingView.swift; sourceTree = "<group>"; };
		044952E52965B5B000188D30 /* LottieView.swift */ = {isa = PBXFileReference; lastKnownFileType = sourcecode.swift; path = LottieView.swift; sourceTree = "<group>"; };
		04DB19712965A97700F3B0BD /* OnboardingWalkthroughPage.app */ = {isa = PBXFileReference; explicitFileType = wrapper.application; includeInIndex = 0; path = OnboardingWalkthroughPage.app; sourceTree = BUILT_PRODUCTS_DIR; };
		04DB19742965A97700F3B0BD /* OnboardingWalkthroughPageApp.swift */ = {isa = PBXFileReference; lastKnownFileType = sourcecode.swift; path = OnboardingWalkthroughPageApp.swift; sourceTree = "<group>"; };
		04DB19762965A97700F3B0BD /* ContentView.swift */ = {isa = PBXFileReference; lastKnownFileType = sourcecode.swift; path = ContentView.swift; sourceTree = "<group>"; };
		04DB19782965A97900F3B0BD /* Assets.xcassets */ = {isa = PBXFileReference; lastKnownFileType = folder.assetcatalog; path = Assets.xcassets; sourceTree = "<group>"; };
		04DB197B2965A97900F3B0BD /* Preview Assets.xcassets */ = {isa = PBXFileReference; lastKnownFileType = folder.assetcatalog; path = "Preview Assets.xcassets"; sourceTree = "<group>"; };
/* End PBXFileReference section */

/* Begin PBXFrameworksBuildPhase section */
		04DB196E2965A97700F3B0BD /* Frameworks */ = {
			isa = PBXFrameworksBuildPhase;
			buildActionMask = 2147483647;
			files = (
				044952DC2965AC0500188D30 /* Lottie in Frameworks */,
			);
			runOnlyForDeploymentPostprocessing = 0;
		};
/* End PBXFrameworksBuildPhase section */

/* Begin PBXGroup section */
		044952DD2965AC1E00188D30 /* Models */ = {
			isa = PBXGroup;
			children = (
				044952DF2965AC3800188D30 /* OnboardingSlide.swift */,
			);
			path = Models;
			sourceTree = "<group>";
		};
		044952DE2965AC2400188D30 /* Views */ = {
			isa = PBXGroup;
			children = (
				04DB19762965A97700F3B0BD /* ContentView.swift */,
				044952E52965B5B000188D30 /* LottieView.swift */,
				044952E32965ACB500188D30 /* OnboardingView.swift */,
			);
			path = Views;
			sourceTree = "<group>";
		};
		044952EB2967085000188D30 /* Resources */ = {
			isa = PBXGroup;
			children = (
				04DB19782965A97900F3B0BD /* Assets.xcassets */,
			);
			path = Resources;
			sourceTree = "<group>";
		};
		04DB19682965A97700F3B0BD = {
			isa = PBXGroup;
			children = (
				04DB19732965A97700F3B0BD /* OnboardingWalkthroughPage */,
				04DB19722965A97700F3B0BD /* Products */,
			);
			sourceTree = "<group>";
		};
		04DB19722965A97700F3B0BD /* Products */ = {
			isa = PBXGroup;
			children = (
				04DB19712965A97700F3B0BD /* OnboardingWalkthroughPage.app */,
			);
			name = Products;
			sourceTree = "<group>";
		};
		04DB19732965A97700F3B0BD /* OnboardingWalkthroughPage */ = {
			isa = PBXGroup;
			children = (
				04DB19742965A97700F3B0BD /* OnboardingWalkthroughPageApp.swift */,
				044952DD2965AC1E00188D30 /* Models */,
				04DB197A2965A97900F3B0BD /* Preview Content */,
				044952EB2967085000188D30 /* Resources */,
				044952DE2965AC2400188D30 /* Views */,
			);
			path = OnboardingWalkthroughPage;
			sourceTree = "<group>";
		};
		04DB197A2965A97900F3B0BD /* Preview Content */ = {
			isa = PBXGroup;
			children = (
				04DB197B2965A97900F3B0BD /* Preview Assets.xcassets */,
			);
			path = "Preview Content";
			sourceTree = "<group>";
		};
/* End PBXGroup section */

/* Begin PBXNativeTarget section */
		04DB19702965A97700F3B0BD /* OnboardingWalkthroughPage */ = {
			isa = PBXNativeTarget;
			buildConfigurationList = 04DB197F2965A97900F3B0BD /* Build configuration list for PBXNativeTarget "OnboardingWalkthroughPage" */;
			buildPhases = (
				04DB196D2965A97700F3B0BD /* Sources */,
				04DB196E2965A97700F3B0BD /* Frameworks */,
				04DB196F2965A97700F3B0BD /* Resources */,
			);
			buildRules = (
			);
			dependencies = (
			);
			name = OnboardingWalkthroughPage;
			packageProductDependencies = (
				044952DB2965AC0500188D30 /* Lottie */,
			);
			productName = OnboardingWalkthroughPage;
			productReference = 04DB19712965A97700F3B0BD /* OnboardingWalkthroughPage.app */;
			productType = "com.apple.product-type.application";
		};
/* End PBXNativeTarget section */

/* Begin PBXProject section */
		04DB19692965A97700F3B0BD /* Project object */ = {
			isa = PBXProject;
			attributes = {
				BuildIndependentTargetsInParallel = 1;
				LastSwiftUpdateCheck = 1420;
				LastUpgradeCheck = 1420;
				TargetAttributes = {
					04DB19702965A97700F3B0BD = {
						CreatedOnToolsVersion = 14.2;
					};
				};
			};
			buildConfigurationList = 04DB196C2965A97700F3B0BD /* Build configuration list for PBXProject "OnboardingWalkthroughPage" */;
			compatibilityVersion = "Xcode 14.0";
			developmentRegion = en;
			hasScannedForEncodings = 0;
			knownRegions = (
				en,
				Base,
			);
			mainGroup = 04DB19682965A97700F3B0BD;
			packageReferences = (
				044952DA2965AC0500188D30 /* XCRemoteSwiftPackageReference "lottie-ios" */,
			);
			productRefGroup = 04DB19722965A97700F3B0BD /* Products */;
			projectDirPath = "";
			projectRoot = "";
			targets = (
				04DB19702965A97700F3B0BD /* OnboardingWalkthroughPage */,
			);
		};
/* End PBXProject section */

/* Begin PBXResourcesBuildPhase section */
		04DB196F2965A97700F3B0BD /* Resources */ = {
			isa = PBXResourcesBuildPhase;
			buildActionMask = 2147483647;
			files = (
				04DB197C2965A97900F3B0BD /* Preview Assets.xcassets in Resources */,
				04DB19792965A97900F3B0BD /* Assets.xcassets in Resources */,
			);
			runOnlyForDeploymentPostprocessing = 0;
		};
/* End PBXResourcesBuildPhase section */

/* Begin PBXSourcesBuildPhase section */
		04DB196D2965A97700F3B0BD /* Sources */ = {
			isa = PBXSourcesBuildPhase;
			buildActionMask = 2147483647;
			files = (
				044952E42965ACB500188D30 /* OnboardingView.swift in Sources */,
				04DB19772965A97700F3B0BD /* ContentView.swift in Sources */,
				044952E62965B5B000188D30 /* LottieView.swift in Sources */,
				04DB19752965A97700F3B0BD /* OnboardingWalkthroughPageApp.swift in Sources */,
				044952E02965AC3800188D30 /* OnboardingSlide.swift in Sources */,
			);
			runOnlyForDeploymentPostprocessing = 0;
		};
/* End PBXSourcesBuildPhase section */

/* Begin XCBuildConfiguration section */
		04DB197D2965A97900F3B0BD /* Debug */ = {
			isa = XCBuildConfiguration;
			buildSettings = {
				ALWAYS_SEARCH_USER_PATHS = NO;
				CLANG_ANALYZER_NONNULL = YES;
				CLANG_ANALYZER_NUMBER_OBJECT_CONVERSION = YES_AGGRESSIVE;
				CLANG_CXX_LANGUAGE_STANDARD = "gnu++20";
				CLANG_ENABLE_MODULES = YES;
				CLANG_ENABLE_OBJC_ARC = YES;
				CLANG_ENABLE_OBJC_WEAK = YES;
				CLANG_WARN_BLOCK_CAPTURE_AUTORELEASING = YES;
				CLANG_WARN_BOOL_CONVERSION = YES;
				CLANG_WARN_COMMA = YES;
				CLANG_WARN_CONSTANT_CONVERSION = YES;
				CLANG_WARN_DEPRECATED_OBJC_IMPLEMENTATIONS = YES;
				CLANG_WARN_DIRECT_OBJC_ISA_USAGE = YES_ERROR;
				CLANG_WARN_DOCUMENTATION_COMMENTS = YES;
				CLANG_WARN_EMPTY_BODY = YES;
				CLANG_WARN_ENUM_CONVERSION = YES;
				CLANG_WARN_INFINITE_RECURSION = YES;
				CLANG_WARN_INT_CONVERSION = YES;
				CLANG_WARN_NON_LITERAL_NULL_CONVERSION = YES;
				CLANG_WARN_OBJC_IMPLICIT_RETAIN_SELF = YES;
				CLANG_WARN_OBJC_LITERAL_CONVERSION = YES;
				CLANG_WARN_OBJC_ROOT_CLASS = YES_ERROR;
				CLANG_WARN_QUOTED_INCLUDE_IN_FRAMEWORK_HEADER = YES;
				CLANG_WARN_RANGE_LOOP_ANALYSIS = YES;
				CLANG_WARN_STRICT_PROTOTYPES = YES;
				CLANG_WARN_SUSPICIOUS_MOVE = YES;
				CLANG_WARN_UNGUARDED_AVAILABILITY = YES_AGGRESSIVE;
				CLANG_WARN_UNREACHABLE_CODE = YES;
				CLANG_WARN__DUPLICATE_METHOD_MATCH = YES;
				COPY_PHASE_STRIP = NO;
				DEBUG_INFORMATION_FORMAT = dwarf;
				ENABLE_STRICT_OBJC_MSGSEND = YES;
				ENABLE_TESTABILITY = YES;
				GCC_C_LANGUAGE_STANDARD = gnu11;
				GCC_DYNAMIC_NO_PIC = NO;
				GCC_NO_COMMON_BLOCKS = YES;
				GCC_OPTIMIZATION_LEVEL = 0;
				GCC_PREPROCESSOR_DEFINITIONS = (
					"DEBUG=1",
					"$(inherited)",
				);
				GCC_WARN_64_TO_32_BIT_CONVERSION = YES;
				GCC_WARN_ABOUT_RETURN_TYPE = YES_ERROR;
				GCC_WARN_UNDECLARED_SELECTOR = YES;
				GCC_WARN_UNINITIALIZED_AUTOS = YES_AGGRESSIVE;
				GCC_WARN_UNUSED_FUNCTION = YES;
				GCC_WARN_UNUSED_VARIABLE = YES;
				IPHONEOS_DEPLOYMENT_TARGET = 16.2;
				MTL_ENABLE_DEBUG_INFO = INCLUDE_SOURCE;
				MTL_FAST_MATH = YES;
				ONLY_ACTIVE_ARCH = YES;
				SDKROOT = iphoneos;
				SWIFT_ACTIVE_COMPILATION_CONDITIONS = DEBUG;
				SWIFT_OPTIMIZATION_LEVEL = "-Onone";
			};
			name = Debug;
		};
		04DB197E2965A97900F3B0BD /* Release */ = {
			isa = XCBuildConfiguration;
			buildSettings = {
				ALWAYS_SEARCH_USER_PATHS = NO;
				CLANG_ANALYZER_NONNULL = YES;
				CLANG_ANALYZER_NUMBER_OBJECT_CONVERSION = YES_AGGRESSIVE;
				CLANG_CXX_LANGUAGE_STANDARD = "gnu++20";
				CLANG_ENABLE_MODULES = YES;
				CLANG_ENABLE_OBJC_ARC = YES;
				CLANG_ENABLE_OBJC_WEAK = YES;
				CLANG_WARN_BLOCK_CAPTURE_AUTORELEASING = YES;
				CLANG_WARN_BOOL_CONVERSION = YES;
				CLANG_WARN_COMMA = YES;
				CLANG_WARN_CONSTANT_CONVERSION = YES;
				CLANG_WARN_DEPRECATED_OBJC_IMPLEMENTATIONS = YES;
				CLANG_WARN_DIRECT_OBJC_ISA_USAGE = YES_ERROR;
				CLANG_WARN_DOCUMENTATION_COMMENTS = YES;
				CLANG_WARN_EMPTY_BODY = YES;
				CLANG_WARN_ENUM_CONVERSION = YES;
				CLANG_WARN_INFINITE_RECURSION = YES;
				CLANG_WARN_INT_CONVERSION = YES;
				CLANG_WARN_NON_LITERAL_NULL_CONVERSION = YES;
				CLANG_WARN_OBJC_IMPLICIT_RETAIN_SELF = YES;
				CLANG_WARN_OBJC_LITERAL_CONVERSION = YES;
				CLANG_WARN_OBJC_ROOT_CLASS = YES_ERROR;
				CLANG_WARN_QUOTED_INCLUDE_IN_FRAMEWORK_HEADER = YES;
				CLANG_WARN_RANGE_LOOP_ANALYSIS = YES;
				CLANG_WARN_STRICT_PROTOTYPES = YES;
				CLANG_WARN_SUSPICIOUS_MOVE = YES;
				CLANG_WARN_UNGUARDED_AVAILABILITY = YES_AGGRESSIVE;
				CLANG_WARN_UNREACHABLE_CODE = YES;
				CLANG_WARN__DUPLICATE_METHOD_MATCH = YES;
				COPY_PHASE_STRIP = NO;
				DEBUG_INFORMATION_FORMAT = "dwarf-with-dsym";
				ENABLE_NS_ASSERTIONS = NO;
				ENABLE_STRICT_OBJC_MSGSEND = YES;
				GCC_C_LANGUAGE_STANDARD = gnu11;
				GCC_NO_COMMON_BLOCKS = YES;
				GCC_WARN_64_TO_32_BIT_CONVERSION = YES;
				GCC_WARN_ABOUT_RETURN_TYPE = YES_ERROR;
				GCC_WARN_UNDECLARED_SELECTOR = YES;
				GCC_WARN_UNINITIALIZED_AUTOS = YES_AGGRESSIVE;
				GCC_WARN_UNUSED_FUNCTION = YES;
				GCC_WARN_UNUSED_VARIABLE = YES;
				IPHONEOS_DEPLOYMENT_TARGET = 16.2;
				MTL_ENABLE_DEBUG_INFO = NO;
				MTL_FAST_MATH = YES;
				SDKROOT = iphoneos;
				SWIFT_COMPILATION_MODE = wholemodule;
				SWIFT_OPTIMIZATION_LEVEL = "-O";
				VALIDATE_PRODUCT = YES;
			};
			name = Release;
		};
		04DB19802965A97900F3B0BD /* Debug */ = {
			isa = XCBuildConfiguration;
			buildSettings = {
				ASSETCATALOG_COMPILER_APPICON_NAME = AppIcon;
				ASSETCATALOG_COMPILER_GLOBAL_ACCENT_COLOR_NAME = AccentColor;
				CODE_SIGN_STYLE = Automatic;
				CURRENT_PROJECT_VERSION = 1;
				DEVELOPMENT_ASSET_PATHS = "\"OnboardingWalkthroughPage/Preview Content\"";
				DEVELOPMENT_TEAM = 79L7WCAA7E;
				ENABLE_PREVIEWS = YES;
				GENERATE_INFOPLIST_FILE = YES;
				INFOPLIST_KEY_UIApplicationSceneManifest_Generation = YES;
				INFOPLIST_KEY_UIApplicationSupportsIndirectInputEvents = YES;
				INFOPLIST_KEY_UILaunchScreen_Generation = YES;
				INFOPLIST_KEY_UISupportedInterfaceOrientations_iPad = "UIInterfaceOrientationPortrait UIInterfaceOrientationPortraitUpsideDown UIInterfaceOrientationLandscapeLeft UIInterfaceOrientationLandscapeRight";
				INFOPLIST_KEY_UISupportedInterfaceOrientations_iPhone = "UIInterfaceOrientationPortrait UIInterfaceOrientationLandscapeLeft UIInterfaceOrientationLandscapeRight";
				IPHONEOS_DEPLOYMENT_TARGET = 16.1;
				LD_RUNPATH_SEARCH_PATHS = (
					"$(inherited)",
					"@executable_path/Frameworks",
				);
				MARKETING_VERSION = 1.0;
				PRODUCT_BUNDLE_IDENTIFIER = pl.kchlebus.OnboardingWalkthroughPage;
				PRODUCT_NAME = "$(TARGET_NAME)";
				SWIFT_EMIT_LOC_STRINGS = YES;
				SWIFT_VERSION = 5.0;
				TARGETED_DEVICE_FAMILY = "1,2";
			};
			name = Debug;
		};
		04DB19812965A97900F3B0BD /* Release */ = {
			isa = XCBuildConfiguration;
			buildSettings = {
				ASSETCATALOG_COMPILER_APPICON_NAME = AppIcon;
				ASSETCATALOG_COMPILER_GLOBAL_ACCENT_COLOR_NAME = AccentColor;
				CODE_SIGN_STYLE = Automatic;
				CURRENT_PROJECT_VERSION = 1;
				DEVELOPMENT_ASSET_PATHS = "\"OnboardingWalkthroughPage/Preview Content\"";
				DEVELOPMENT_TEAM = 79L7WCAA7E;
				ENABLE_PREVIEWS = YES;
				GENERATE_INFOPLIST_FILE = YES;
				INFOPLIST_KEY_UIApplicationSceneManifest_Generation = YES;
				INFOPLIST_KEY_UIApplicationSupportsIndirectInputEvents = YES;
				INFOPLIST_KEY_UILaunchScreen_Generation = YES;
				INFOPLIST_KEY_UISupportedInterfaceOrientations_iPad = "UIInterfaceOrientationPortrait UIInterfaceOrientationPortraitUpsideDown UIInterfaceOrientationLandscapeLeft UIInterfaceOrientationLandscapeRight";
				INFOPLIST_KEY_UISupportedInterfaceOrientations_iPhone = "UIInterfaceOrientationPortrait UIInterfaceOrientationLandscapeLeft UIInterfaceOrientationLandscapeRight";
				IPHONEOS_DEPLOYMENT_TARGET = 16.1;
				LD_RUNPATH_SEARCH_PATHS = (
					"$(inherited)",
					"@executable_path/Frameworks",
				);
				MARKETING_VERSION = 1.0;
				PRODUCT_BUNDLE_IDENTIFIER = pl.kchlebus.OnboardingWalkthroughPage;
				PRODUCT_NAME = "$(TARGET_NAME)";
				SWIFT_EMIT_LOC_STRINGS = YES;
				SWIFT_VERSION = 5.0;
				TARGETED_DEVICE_FAMILY = "1,2";
			};
			name = Release;
		};
/* End XCBuildConfiguration section */

/* Begin XCConfigurationList section */
		04DB196C2965A97700F3B0BD /* Build configuration list for PBXProject "OnboardingWalkthroughPage" */ = {
			isa = XCConfigurationList;
			buildConfigurations = (
				04DB197D2965A97900F3B0BD /* Debug */,
				04DB197E2965A97900F3B0BD /* Release */,
			);
			defaultConfigurationIsVisible = 0;
			defaultConfigurationName = Release;
		};
		04DB197F2965A97900F3B0BD /* Build configuration list for PBXNativeTarget "OnboardingWalkthroughPage" */ = {
			isa = XCConfigurationList;
			buildConfigurations = (
				04DB19802965A97900F3B0BD /* Debug */,
				04DB19812965A97900F3B0BD /* Release */,
			);
			defaultConfigurationIsVisible = 0;
			defaultConfigurationName = Release;
		};
/* End XCConfigurationList section */

/* Begin XCRemoteSwiftPackageReference section */
		044952DA2965AC0500188D30 /* XCRemoteSwiftPackageReference "lottie-ios" */ = {
			isa = XCRemoteSwiftPackageReference;
			repositoryURL = "https://github.com/airbnb/lottie-ios.git";
			requirement = {
				branch = master;
				kind = branch;
			};
		};
/* End XCRemoteSwiftPackageReference section */

/* Begin XCSwiftPackageProductDependency section */
		044952DB2965AC0500188D30 /* Lottie */ = {
			isa = XCSwiftPackageProductDependency;
			package = 044952DA2965AC0500188D30 /* XCRemoteSwiftPackageReference "lottie-ios" */;
			productName = Lottie;
		};
/* End XCSwiftPackageProductDependency section */
	};
	rootObject = 04DB19692965A97700F3B0BD /* Project object */;
}
